
Microsoft Visual Studio Solution File, Format Version 12.00
# Visual Studio 15
VisualStudioVersion = 15.0.28010.2019
MinimumVisualStudioVersion = 10.0.40219.1
Project("{FAE04EC0-301F-11D3-BF4B-00C04F79EFBC}") = "FactoryMethod", "FactoryMethod.csproj", "{2EC25801-2037-4B71-8B39-B3C7918A06FC}"
EndProject
Project("{FAE04EC0-301F-11D3-BF4B-00C04F79EFBC}") = "AbstractFacotry", "..\AbstractFacotry\AbstractFacotry.csproj", "{26D0207E-2F67-4D6D-9AB6-F17C0CBCB7DC}"
EndProject
Project("{FAE04EC0-301F-11D3-BF4B-00C04F79EFBC}") = "Command", "..\Command\Command.csproj", "{66673C40-E7FC-4020-94B2-D09F2B5012BC}"
EndProject
Project("{FAE04EC0-301F-11D3-BF4B-00C04F79EFBC}") = "CommandWithRollback", "..\CommandWithUndo\CommandWithRollback.csproj", "{D7BC118B-E402-4A1B-B4D6-491F667E1F0C}"
EndProject
Project("{FAE04EC0-301F-11D3-BF4B-00C04F79EFBC}") = "Adapter", "..\Adapter\Adapter.csproj", "{468F8382-9141-4841-9D30-2698F290C63F}"
EndProject
Project("{FAE04EC0-301F-11D3-BF4B-00C04F79EFBC}") = "Fascade", "..\Fascade\Fascade.csproj", "{1A5DEECD-5B81-45DC-95C8-516554EE0204}"
EndProject
Project("{FAE04EC0-301F-11D3-BF4B-00C04F79EFBC}") = "TemplateMethod", "..\TemplateMethod\TemplateMethod.csproj", "{C4E59D7E-434C-41A9-8B98-656F17045758}"
EndProject
Project("{FAE04EC0-301F-11D3-BF4B-00C04F79EFBC}") = "Iterator - NOT FINISHED", "..\Iterator\Iterator - NOT FINISHED.csproj", "{A475E6C0-6676-4EE8-B3AC-33FE2CB3085D}"
EndProject
Project("{FAE04EC0-301F-11D3-BF4B-00C04F79EFBC}") = "SimpleStateMachine", "..\SimpleStateMachine\SimpleStateMachine.csproj", "{E817FBF6-AF3D-4FCA-BEA0-60C02FF88E32}"
EndProject
Project("{FAE04EC0-301F-11D3-BF4B-00C04F79EFBC}") = "State", "..\State\State.csproj", "{F080832C-D4B8-431A-900A-C556C55E0857}"
EndProject
Project("{FAE04EC0-301F-11D3-BF4B-00C04F79EFBC}") = "CompoundPattern - OLD", "..\CompoundPattern\CompoundPattern - OLD.csproj", "{769AD4F0-9436-4D9B-A115-95B46C9CF2E7}"
EndProject
Project("{FAE04EC0-301F-11D3-BF4B-00C04F79EFBC}") = "CompoundPattern", "CompoundPattern\CompoundPattern.csproj", "{0578BEDE-B53B-45A6-83F3-D8D700C48DE8}"
EndProject
Project("{FAE04EC0-301F-11D3-BF4B-00C04F79EFBC}") = "MVC - NOT FINISHED", "..\MVC\MVC - NOT FINISHED.csproj", "{DFEF00EE-3AAA-4D9F-90D2-FCF7353129AA}"
EndProject
Global
	GlobalSection(SolutionConfigurationPlatforms) = preSolution
		Debug|Any CPU = Debug|Any CPU
		Release|Any CPU = Release|Any CPU
	EndGlobalSection
	GlobalSection(ProjectConfigurationPlatforms) = postSolution
		{2EC25801-2037-4B71-8B39-B3C7918A06FC}.Debug|Any CPU.ActiveCfg = Debug|Any CPU
		{2EC25801-2037-4B71-8B39-B3C7918A06FC}.Debug|Any CPU.Build.0 = Debug|Any CPU
		{2EC25801-2037-4B71-8B39-B3C7918A06FC}.Release|Any CPU.ActiveCfg = Release|Any CPU
		{2EC25801-2037-4B71-8B39-B3C7918A06FC}.Release|Any CPU.Build.0 = Release|Any CPU
		{26D0207E-2F67-4D6D-9AB6-F17C0CBCB7DC}.Debug|Any CPU.ActiveCfg = Debug|Any CPU
		{26D0207E-2F67-4D6D-9AB6-F17C0CBCB7DC}.Debug|Any CPU.Build.0 = Debug|Any CPU
		{26D0207E-2F67-4D6D-9AB6-F17C0CBCB7DC}.Release|Any CPU.ActiveCfg = Release|Any CPU
		{26D0207E-2F67-4D6D-9AB6-F17C0CBCB7DC}.Release|Any CPU.Build.0 = Release|Any CPU
		{66673C40-E7FC-4020-94B2-D09F2B5012BC}.Debug|Any CPU.ActiveCfg = Debug|Any CPU
		{66673C40-E7FC-4020-94B2-D09F2B5012BC}.Debug|Any CPU.Build.0 = Debug|Any CPU
		{66673C40-E7FC-4020-94B2-D09F2B5012BC}.Release|Any CPU.ActiveCfg = Release|Any CPU
		{66673C40-E7FC-4020-94B2-D09F2B5012BC}.Release|Any CPU.Build.0 = Release|Any CPU
		{D7BC118B-E402-4A1B-B4D6-491F667E1F0C}.Debug|Any CPU.ActiveCfg = Debug|Any CPU
		{D7BC118B-E402-4A1B-B4D6-491F667E1F0C}.Debug|Any CPU.Build.0 = Debug|Any CPU
		{D7BC118B-E402-4A1B-B4D6-491F667E1F0C}.Release|Any CPU.ActiveCfg = Release|Any CPU
		{D7BC118B-E402-4A1B-B4D6-491F667E1F0C}.Release|Any CPU.Build.0 = Release|Any CPU
		{468F8382-9141-4841-9D30-2698F290C63F}.Debug|Any CPU.ActiveCfg = Debug|Any CPU
		{468F8382-9141-4841-9D30-2698F290C63F}.Debug|Any CPU.Build.0 = Debug|Any CPU
		{468F8382-9141-4841-9D30-2698F290C63F}.Release|Any CPU.ActiveCfg = Release|Any CPU
		{468F8382-9141-4841-9D30-2698F290C63F}.Release|Any CPU.Build.0 = Release|Any CPU
		{1A5DEECD-5B81-45DC-95C8-516554EE0204}.Debug|Any CPU.ActiveCfg = Debug|Any CPU
		{1A5DEECD-5B81-45DC-95C8-516554EE0204}.Debug|Any CPU.Build.0 = Debug|Any CPU
		{1A5DEECD-5B81-45DC-95C8-516554EE0204}.Release|Any CPU.ActiveCfg = Release|Any CPU
		{1A5DEECD-5B81-45DC-95C8-516554EE0204}.Release|Any CPU.Build.0 = Release|Any CPU
		{C4E59D7E-434C-41A9-8B98-656F17045758}.Debug|Any CPU.ActiveCfg = Debug|Any CPU
		{C4E59D7E-434C-41A9-8B98-656F17045758}.Debug|Any CPU.Build.0 = Debug|Any CPU
		{C4E59D7E-434C-41A9-8B98-656F17045758}.Release|Any CPU.ActiveCfg = Release|Any CPU
		{C4E59D7E-434C-41A9-8B98-656F17045758}.Release|Any CPU.Build.0 = Release|Any CPU
		{A475E6C0-6676-4EE8-B3AC-33FE2CB3085D}.Debug|Any CPU.ActiveCfg = Debug|Any CPU
		{A475E6C0-6676-4EE8-B3AC-33FE2CB3085D}.Debug|Any CPU.Build.0 = Debug|Any CPU
		{A475E6C0-6676-4EE8-B3AC-33FE2CB3085D}.Release|Any CPU.ActiveCfg = Release|Any CPU
		{A475E6C0-6676-4EE8-B3AC-33FE2CB3085D}.Release|Any CPU.Build.0 = Release|Any CPU
		{E817FBF6-AF3D-4FCA-BEA0-60C02FF88E32}.Debug|Any CPU.ActiveCfg = Debug|Any CPU
		{E817FBF6-AF3D-4FCA-BEA0-60C02FF88E32}.Debug|Any CPU.Build.0 = Debug|Any CPU
		{E817FBF6-AF3D-4FCA-BEA0-60C02FF88E32}.Release|Any CPU.ActiveCfg = Release|Any CPU
		{E817FBF6-AF3D-4FCA-BEA0-60C02FF88E32}.Release|Any CPU.Build.0 = Release|Any CPU
		{F080832C-D4B8-431A-900A-C556C55E0857}.Debug|Any CPU.ActiveCfg = Debug|Any CPU
		{F080832C-D4B8-431A-900A-C556C55E0857}.Debug|Any CPU.Build.0 = Debug|Any CPU
		{F080832C-D4B8-431A-900A-C556C55E0857}.Release|Any CPU.ActiveCfg = Release|Any CPU
		{F080832C-D4B8-431A-900A-C556C55E0857}.Release|Any CPU.Build.0 = Release|Any CPU
		{769AD4F0-9436-4D9B-A115-95B46C9CF2E7}.Debug|Any CPU.ActiveCfg = Debug|Any CPU
		{769AD4F0-9436-4D9B-A115-95B46C9CF2E7}.Debug|Any CPU.Build.0 = Debug|Any CPU
		{769AD4F0-9436-4D9B-A115-95B46C9CF2E7}.Release|Any CPU.ActiveCfg = Release|Any CPU
		{769AD4F0-9436-4D9B-A115-95B46C9CF2E7}.Release|Any CPU.Build.0 = Release|Any CPU
		{0578BEDE-B53B-45A6-83F3-D8D700C48DE8}.Debug|Any CPU.ActiveCfg = Debug|Any CPU
		{0578BEDE-B53B-45A6-83F3-D8D700C48DE8}.Debug|Any CPU.Build.0 = Debug|Any CPU
		{0578BEDE-B53B-45A6-83F3-D8D700C48DE8}.Release|Any CPU.ActiveCfg = Release|Any CPU
		{0578BEDE-B53B-45A6-83F3-D8D700C48DE8}.Release|Any CPU.Build.0 = Release|Any CPU
		{DFEF00EE-3AAA-4D9F-90D2-FCF7353129AA}.Debug|Any CPU.ActiveCfg = Debug|Any CPU
		{DFEF00EE-3AAA-4D9F-90D2-FCF7353129AA}.Debug|Any CPU.Build.0 = Debug|Any CPU
		{DFEF00EE-3AAA-4D9F-90D2-FCF7353129AA}.Release|Any CPU.ActiveCfg = Release|Any CPU
		{DFEF00EE-3AAA-4D9F-90D2-FCF7353129AA}.Release|Any CPU.Build.0 = Release|Any CPU
	EndGlobalSection
	GlobalSection(SolutionProperties) = preSolution
		HideSolutionNode = FALSE
	EndGlobalSection
	GlobalSection(ExtensibilityGlobals) = postSolution
		SolutionGuid = {89DD6A49-FF15-44C1-9B90-3275661FCDC9}
	EndGlobalSection
EndGlobal
